// !$*UTF8*$!
{
	archiveVersion = 1;
	classes = {
	};
	objectVersion = 46;
	objects = {

/* Begin PBXBuildFile section */
		F143DB451F3410BF0000D7F8 /* Stack.swift in Sources */ = {isa = PBXBuildFile; fileRef = F143DB441F3410BF0000D7F8 /* Stack.swift */; };
		F1BD25341F0F3E10007F5F4B /* AppDelegate.swift in Sources */ = {isa = PBXBuildFile; fileRef = F1BD25331F0F3E10007F5F4B /* AppDelegate.swift */; };
		F1BD25361F0F3E10007F5F4B /* ViewController.swift in Sources */ = {isa = PBXBuildFile; fileRef = F1BD25351F0F3E10007F5F4B /* ViewController.swift */; };
		F1BD25391F0F3E10007F5F4B /* Main.storyboard in Resources */ = {isa = PBXBuildFile; fileRef = F1BD25371F0F3E10007F5F4B /* Main.storyboard */; };
		F1BD253B1F0F3E10007F5F4B /* Assets.xcassets in Resources */ = {isa = PBXBuildFile; fileRef = F1BD253A1F0F3E10007F5F4B /* Assets.xcassets */; };
		F1BD253E1F0F3E10007F5F4B /* LaunchScreen.storyboard in Resources */ = {isa = PBXBuildFile; fileRef = F1BD253C1F0F3E10007F5F4B /* LaunchScreen.storyboard */; };
		F1BD25491F0F3E10007F5F4B /* Swift_Advanced_DemoTests.swift in Sources */ = {isa = PBXBuildFile; fileRef = F1BD25481F0F3E10007F5F4B /* Swift_Advanced_DemoTests.swift */; };
		F1BD25541F0F3E10007F5F4B /* Swift_Advanced_DemoUITests.swift in Sources */ = {isa = PBXBuildFile; fileRef = F1BD25531F0F3E10007F5F4B /* Swift_Advanced_DemoUITests.swift */; };
		F1BDECF01F4C14C3007E7B47 /* Slice.swift in Sources */ = {isa = PBXBuildFile; fileRef = F1BDECEF1F4C14C3007E7B47 /* Slice.swift */; };
		F1BDECF21F4C19BA007E7B47 /* Option.swift in Sources */ = {isa = PBXBuildFile; fileRef = F1BDECF11F4C19BA007E7B47 /* Option.swift */; };
		F1EC68541F31BDF4007C1A05 /* Array.swift in Sources */ = {isa = PBXBuildFile; fileRef = F1EC68531F31BDF4007C1A05 /* Array.swift */; };
		F1EC68561F31D48D007C1A05 /* Dictionary.swift in Sources */ = {isa = PBXBuildFile; fileRef = F1EC68551F31D48D007C1A05 /* Dictionary.swift */; };
		F1EC68581F32C9F4007C1A05 /* Set.swift in Sources */ = {isa = PBXBuildFile; fileRef = F1EC68571F32C9F4007C1A05 /* Set.swift */; };
		F1EC685B1F32CF31007C1A05 /* Range.swift in Sources */ = {isa = PBXBuildFile; fileRef = F1EC685A1F32CF31007C1A05 /* Range.swift */; };
		F1EC685D1F32D099007C1A05 /* Sequence.swift in Sources */ = {isa = PBXBuildFile; fileRef = F1EC685C1F32D099007C1A05 /* Sequence.swift */; };
		F1EC685F1F32FFC0007C1A05 /* Collection.swift in Sources */ = {isa = PBXBuildFile; fileRef = F1EC685E1F32FFBF007C1A05 /* Collection.swift */; };
		F1EC68621F330A53007C1A05 /* List.swift in Sources */ = {isa = PBXBuildFile; fileRef = F1EC68611F330A53007C1A05 /* List.swift */; };
/* End PBXBuildFile section */

/* Begin PBXContainerItemProxy section */
		F1BD25451F0F3E10007F5F4B /* PBXContainerItemProxy */ = {
			isa = PBXContainerItemProxy;
			containerPortal = F1BD25281F0F3E10007F5F4B /* Project object */;
			proxyType = 1;
			remoteGlobalIDString = F1BD252F1F0F3E10007F5F4B;
			remoteInfo = "Swift-Advanced-Demo";
		};
		F1BD25501F0F3E10007F5F4B /* PBXContainerItemProxy */ = {
			isa = PBXContainerItemProxy;
			containerPortal = F1BD25281F0F3E10007F5F4B /* Project object */;
			proxyType = 1;
			remoteGlobalIDString = F1BD252F1F0F3E10007F5F4B;
			remoteInfo = "Swift-Advanced-Demo";
		};
/* End PBXContainerItemProxy section */

/* Begin PBXFileReference section */
		F143DB441F3410BF0000D7F8 /* Stack.swift */ = {isa = PBXFileReference; fileEncoding = 4; lastKnownFileType = sourcecode.swift; path = Stack.swift; sourceTree = "<group>"; };
		F1BD25301F0F3E10007F5F4B /* Swift-Advanced-Demo.app */ = {isa = PBXFileReference; explicitFileType = wrapper.application; includeInIndex = 0; path = "Swift-Advanced-Demo.app"; sourceTree = BUILT_PRODUCTS_DIR; };
		F1BD25331F0F3E10007F5F4B /* AppDelegate.swift */ = {isa = PBXFileReference; lastKnownFileType = sourcecode.swift; path = AppDelegate.swift; sourceTree = "<group>"; };
		F1BD25351F0F3E10007F5F4B /* ViewController.swift */ = {isa = PBXFileReference; lastKnownFileType = sourcecode.swift; path = ViewController.swift; sourceTree = "<group>"; };
		F1BD25381F0F3E10007F5F4B /* Base */ = {isa = PBXFileReference; lastKnownFileType = file.storyboard; name = Base; path = Base.lproj/Main.storyboard; sourceTree = "<group>"; };
		F1BD253A1F0F3E10007F5F4B /* Assets.xcassets */ = {isa = PBXFileReference; lastKnownFileType = folder.assetcatalog; path = Assets.xcassets; sourceTree = "<group>"; };
		F1BD253D1F0F3E10007F5F4B /* Base */ = {isa = PBXFileReference; lastKnownFileType = file.storyboard; name = Base; path = Base.lproj/LaunchScreen.storyboard; sourceTree = "<group>"; };
		F1BD253F1F0F3E10007F5F4B /* Info.plist */ = {isa = PBXFileReference; lastKnownFileType = text.plist.xml; path = Info.plist; sourceTree = "<group>"; };
		F1BD25441F0F3E10007F5F4B /* Swift-Advanced-DemoTests.xctest */ = {isa = PBXFileReference; explicitFileType = wrapper.cfbundle; includeInIndex = 0; path = "Swift-Advanced-DemoTests.xctest"; sourceTree = BUILT_PRODUCTS_DIR; };
		F1BD25481F0F3E10007F5F4B /* Swift_Advanced_DemoTests.swift */ = {isa = PBXFileReference; lastKnownFileType = sourcecode.swift; path = Swift_Advanced_DemoTests.swift; sourceTree = "<group>"; };
		F1BD254A1F0F3E10007F5F4B /* Info.plist */ = {isa = PBXFileReference; lastKnownFileType = text.plist.xml; path = Info.plist; sourceTree = "<group>"; };
		F1BD254F1F0F3E10007F5F4B /* Swift-Advanced-DemoUITests.xctest */ = {isa = PBXFileReference; explicitFileType = wrapper.cfbundle; includeInIndex = 0; path = "Swift-Advanced-DemoUITests.xctest"; sourceTree = BUILT_PRODUCTS_DIR; };
		F1BD25531F0F3E10007F5F4B /* Swift_Advanced_DemoUITests.swift */ = {isa = PBXFileReference; lastKnownFileType = sourcecode.swift; path = Swift_Advanced_DemoUITests.swift; sourceTree = "<group>"; };
		F1BD25551F0F3E10007F5F4B /* Info.plist */ = {isa = PBXFileReference; lastKnownFileType = text.plist.xml; path = Info.plist; sourceTree = "<group>"; };
		F1BDECEF1F4C14C3007E7B47 /* Slice.swift */ = {isa = PBXFileReference; fileEncoding = 4; lastKnownFileType = sourcecode.swift; path = Slice.swift; sourceTree = "<group>"; };
		F1BDECF11F4C19BA007E7B47 /* Option.swift */ = {isa = PBXFileReference; fileEncoding = 4; lastKnownFileType = sourcecode.swift; path = Option.swift; sourceTree = "<group>"; };
		F1EC68531F31BDF4007C1A05 /* Array.swift */ = {isa = PBXFileReference; fileEncoding = 4; lastKnownFileType = sourcecode.swift; path = Array.swift; sourceTree = "<group>"; };
		F1EC68551F31D48D007C1A05 /* Dictionary.swift */ = {isa = PBXFileReference; fileEncoding = 4; lastKnownFileType = sourcecode.swift; path = Dictionary.swift; sourceTree = "<group>"; };
		F1EC68571F32C9F4007C1A05 /* Set.swift */ = {isa = PBXFileReference; fileEncoding = 4; lastKnownFileType = sourcecode.swift; path = Set.swift; sourceTree = "<group>"; };
		F1EC685A1F32CF31007C1A05 /* Range.swift */ = {isa = PBXFileReference; fileEncoding = 4; lastKnownFileType = sourcecode.swift; path = Range.swift; sourceTree = "<group>"; };
		F1EC685C1F32D099007C1A05 /* Sequence.swift */ = {isa = PBXFileReference; fileEncoding = 4; lastKnownFileType = sourcecode.swift; path = Sequence.swift; sourceTree = "<group>"; };
		F1EC685E1F32FFBF007C1A05 /* Collection.swift */ = {isa = PBXFileReference; fileEncoding = 4; lastKnownFileType = sourcecode.swift; path = Collection.swift; sourceTree = "<group>"; };
		F1EC68611F330A53007C1A05 /* List.swift */ = {isa = PBXFileReference; fileEncoding = 4; lastKnownFileType = sourcecode.swift; path = List.swift; sourceTree = "<group>"; };
/* End PBXFileReference section */

/* Begin PBXFrameworksBuildPhase section */
		F1BD252D1F0F3E10007F5F4B /* Frameworks */ = {
			isa = PBXFrameworksBuildPhase;
			buildActionMask = 2147483647;
			files = (
			);
			runOnlyForDeploymentPostprocessing = 0;
		};
		F1BD25411F0F3E10007F5F4B /* Frameworks */ = {
			isa = PBXFrameworksBuildPhase;
			buildActionMask = 2147483647;
			files = (
			);
			runOnlyForDeploymentPostprocessing = 0;
		};
		F1BD254C1F0F3E10007F5F4B /* Frameworks */ = {
			isa = PBXFrameworksBuildPhase;
			buildActionMask = 2147483647;
			files = (
			);
			runOnlyForDeploymentPostprocessing = 0;
		};
/* End PBXFrameworksBuildPhase section */

/* Begin PBXGroup section */
		F1BD25271F0F3E10007F5F4B = {
			isa = PBXGroup;
			children = (
				F1BD25321F0F3E10007F5F4B /* Swift-Advanced-Demo */,
				F1BD25471F0F3E10007F5F4B /* Swift-Advanced-DemoTests */,
				F1BD25521F0F3E10007F5F4B /* Swift-Advanced-DemoUITests */,
				F1BD25311F0F3E10007F5F4B /* Products */,
			);
			sourceTree = "<group>";
		};
		F1BD25311F0F3E10007F5F4B /* Products */ = {
			isa = PBXGroup;
			children = (
				F1BD25301F0F3E10007F5F4B /* Swift-Advanced-Demo.app */,
				F1BD25441F0F3E10007F5F4B /* Swift-Advanced-DemoTests.xctest */,
				F1BD254F1F0F3E10007F5F4B /* Swift-Advanced-DemoUITests.xctest */,
			);
			name = Products;
			sourceTree = "<group>";
		};
		F1BD25321F0F3E10007F5F4B /* Swift-Advanced-Demo */ = {
			isa = PBXGroup;
			children = (
				F1BD25331F0F3E10007F5F4B /* AppDelegate.swift */,
				F1BD25351F0F3E10007F5F4B /* ViewController.swift */,
				F1BD25371F0F3E10007F5F4B /* Main.storyboard */,
				F1BD253A1F0F3E10007F5F4B /* Assets.xcassets */,
				F1BD253C1F0F3E10007F5F4B /* LaunchScreen.storyboard */,
				F1BD253F1F0F3E10007F5F4B /* Info.plist */,
				F1EC68531F31BDF4007C1A05 /* Array.swift */,
				F1EC68551F31D48D007C1A05 /* Dictionary.swift */,
				F1EC68571F32C9F4007C1A05 /* Set.swift */,
				F1EC685A1F32CF31007C1A05 /* Range.swift */,
				F1EC685C1F32D099007C1A05 /* Sequence.swift */,
				F1EC685E1F32FFBF007C1A05 /* Collection.swift */,
				F1EC68611F330A53007C1A05 /* List.swift */,
				F143DB441F3410BF0000D7F8 /* Stack.swift */,
				F1BDECEF1F4C14C3007E7B47 /* Slice.swift */,
				F1BDECF11F4C19BA007E7B47 /* Option.swift */,
			);
			path = "Swift-Advanced-Demo";
			sourceTree = "<group>";
		};
		F1BD25471F0F3E10007F5F4B /* Swift-Advanced-DemoTests */ = {
			isa = PBXGroup;
			children = (
				F1BD25481F0F3E10007F5F4B /* Swift_Advanced_DemoTests.swift */,
				F1BD254A1F0F3E10007F5F4B /* Info.plist */,
			);
			path = "Swift-Advanced-DemoTests";
			sourceTree = "<group>";
		};
		F1BD25521F0F3E10007F5F4B /* Swift-Advanced-DemoUITests */ = {
			isa = PBXGroup;
			children = (
				F1BD25531F0F3E10007F5F4B /* Swift_Advanced_DemoUITests.swift */,
				F1BD25551F0F3E10007F5F4B /* Info.plist */,
			);
			path = "Swift-Advanced-DemoUITests";
			sourceTree = "<group>";
		};
/* End PBXGroup section */

/* Begin PBXNativeTarget section */
		F1BD252F1F0F3E10007F5F4B /* Swift-Advanced-Demo */ = {
			isa = PBXNativeTarget;
			buildConfigurationList = F1BD25581F0F3E10007F5F4B /* Build configuration list for PBXNativeTarget "Swift-Advanced-Demo" */;
			buildPhases = (
				F1BD252C1F0F3E10007F5F4B /* Sources */,
				F1BD252D1F0F3E10007F5F4B /* Frameworks */,
				F1BD252E1F0F3E10007F5F4B /* Resources */,
			);
			buildRules = (
			);
			dependencies = (
			);
			name = "Swift-Advanced-Demo";
			productName = "Swift-Advanced-Demo";
			productReference = F1BD25301F0F3E10007F5F4B /* Swift-Advanced-Demo.app */;
			productType = "com.apple.product-type.application";
		};
		F1BD25431F0F3E10007F5F4B /* Swift-Advanced-DemoTests */ = {
			isa = PBXNativeTarget;
			buildConfigurationList = F1BD255B1F0F3E10007F5F4B /* Build configuration list for PBXNativeTarget "Swift-Advanced-DemoTests" */;
			buildPhases = (
				F1BD25401F0F3E10007F5F4B /* Sources */,
				F1BD25411F0F3E10007F5F4B /* Frameworks */,
				F1BD25421F0F3E10007F5F4B /* Resources */,
			);
			buildRules = (
			);
			dependencies = (
				F1BD25461F0F3E10007F5F4B /* PBXTargetDependency */,
			);
			name = "Swift-Advanced-DemoTests";
			productName = "Swift-Advanced-DemoTests";
			productReference = F1BD25441F0F3E10007F5F4B /* Swift-Advanced-DemoTests.xctest */;
			productType = "com.apple.product-type.bundle.unit-test";
		};
		F1BD254E1F0F3E10007F5F4B /* Swift-Advanced-DemoUITests */ = {
			isa = PBXNativeTarget;
			buildConfigurationList = F1BD255E1F0F3E10007F5F4B /* Build configuration list for PBXNativeTarget "Swift-Advanced-DemoUITests" */;
			buildPhases = (
				F1BD254B1F0F3E10007F5F4B /* Sources */,
				F1BD254C1F0F3E10007F5F4B /* Frameworks */,
				F1BD254D1F0F3E10007F5F4B /* Resources */,
			);
			buildRules = (
			);
			dependencies = (
				F1BD25511F0F3E10007F5F4B /* PBXTargetDependency */,
			);
			name = "Swift-Advanced-DemoUITests";
			productName = "Swift-Advanced-DemoUITests";
			productReference = F1BD254F1F0F3E10007F5F4B /* Swift-Advanced-DemoUITests.xctest */;
			productType = "com.apple.product-type.bundle.ui-testing";
		};
/* End PBXNativeTarget section */

/* Begin PBXProject section */
		F1BD25281F0F3E10007F5F4B /* Project object */ = {
			isa = PBXProject;
			attributes = {
				LastSwiftUpdateCheck = 0830;
				LastUpgradeCheck = 0830;
				ORGANIZATIONNAME = horex;
				TargetAttributes = {
					F1BD252F1F0F3E10007F5F4B = {
						CreatedOnToolsVersion = 8.3.3;
						ProvisioningStyle = Automatic;
					};
					F1BD25431F0F3E10007F5F4B = {
						CreatedOnToolsVersion = 8.3.3;
						ProvisioningStyle = Automatic;
						TestTargetID = F1BD252F1F0F3E10007F5F4B;
					};
					F1BD254E1F0F3E10007F5F4B = {
						CreatedOnToolsVersion = 8.3.3;
						ProvisioningStyle = Automatic;
						TestTargetID = F1BD252F1F0F3E10007F5F4B;
					};
				};
			};
			buildConfigurationList = F1BD252B1F0F3E10007F5F4B /* Build configuration list for PBXProject "Swift-Advanced-Demo" */;
			compatibilityVersion = "Xcode 3.2";
			developmentRegion = English;
			hasScannedForEncodings = 0;
			knownRegions = (
				en,
				Base,
			);
			mainGroup = F1BD25271F0F3E10007F5F4B;
			productRefGroup = F1BD25311F0F3E10007F5F4B /* Products */;
			projectDirPath = "";
			projectRoot = "";
			targets = (
				F1BD252F1F0F3E10007F5F4B /* Swift-Advanced-Demo */,
				F1BD25431F0F3E10007F5F4B /* Swift-Advanced-DemoTests */,
				F1BD254E1F0F3E10007F5F4B /* Swift-Advanced-DemoUITests */,
			);
		};
/* End PBXProject section */

/* Begin PBXResourcesBuildPhase section */
		F1BD252E1F0F3E10007F5F4B /* Resources */ = {
			isa = PBXResourcesBuildPhase;
			buildActionMask = 2147483647;
			files = (
				F1BD253E1F0F3E10007F5F4B /* LaunchScreen.storyboard in Resources */,
				F1BD253B1F0F3E10007F5F4B /* Assets.xcassets in Resources */,
				F1BD25391F0F3E10007F5F4B /* Main.storyboard in Resources */,
			);
			runOnlyForDeploymentPostprocessing = 0;
		};
		F1BD25421F0F3E10007F5F4B /* Resources */ = {
			isa = PBXResourcesBuildPhase;
			buildActionMask = 2147483647;
			files = (
			);
			runOnlyForDeploymentPostprocessing = 0;
		};
		F1BD254D1F0F3E10007F5F4B /* Resources */ = {
			isa = PBXResourcesBuildPhase;
			buildActionMask = 2147483647;
			files = (
			);
			runOnlyForDeploymentPostprocessing = 0;
		};
/* End PBXResourcesBuildPhase section */

/* Begin PBXSourcesBuildPhase section */
		F1BD252C1F0F3E10007F5F4B /* Sources */ = {
			isa = PBXSourcesBuildPhase;
			buildActionMask = 2147483647;
			files = (
				F1EC68581F32C9F4007C1A05 /* Set.swift in Sources */,
				F1EC68541F31BDF4007C1A05 /* Array.swift in Sources */,
				F1EC685D1F32D099007C1A05 /* Sequence.swift in Sources */,
				F1EC68561F31D48D007C1A05 /* Dictionary.swift in Sources */,
				F1BDECF21F4C19BA007E7B47 /* Option.swift in Sources */,
				F1EC685B1F32CF31007C1A05 /* Range.swift in Sources */,
				F1BD25361F0F3E10007F5F4B /* ViewController.swift in Sources */,
				F1BDECF01F4C14C3007E7B47 /* Slice.swift in Sources */,
				F143DB451F3410BF0000D7F8 /* Stack.swift in Sources */,
				F1BD25341F0F3E10007F5F4B /* AppDelegate.swift in Sources */,
				F1EC685F1F32FFC0007C1A05 /* Collection.swift in Sources */,
				F1EC68621F330A53007C1A05 /* List.swift in Sources */,
			);
			runOnlyForDeploymentPostprocessing = 0;
		};
		F1BD25401F0F3E10007F5F4B /* Sources */ = {
			isa = PBXSourcesBuildPhase;
			buildActionMask = 2147483647;
			files = (
				F1BD25491F0F3E10007F5F4B /* Swift_Advanced_DemoTests.swift in Sources */,
			);
			runOnlyForDeploymentPostprocessing = 0;
		};
		F1BD254B1F0F3E10007F5F4B /* Sources */ = {
			isa = PBXSourcesBuildPhase;
			buildActionMask = 2147483647;
			files = (
				F1BD25541F0F3E10007F5F4B /* Swift_Advanced_DemoUITests.swift in Sources */,
			);
			runOnlyForDeploymentPostprocessing = 0;
		};
/* End PBXSourcesBuildPhase section */

/* Begin PBXTargetDependency section */
		F1BD25461F0F3E10007F5F4B /* PBXTargetDependency */ = {
			isa = PBXTargetDependency;
			target = F1BD252F1F0F3E10007F5F4B /* Swift-Advanced-Demo */;
			targetProxy = F1BD25451F0F3E10007F5F4B /* PBXContainerItemProxy */;
		};
		F1BD25511F0F3E10007F5F4B /* PBXTargetDependency */ = {
			isa = PBXTargetDependency;
			target = F1BD252F1F0F3E10007F5F4B /* Swift-Advanced-Demo */;
			targetProxy = F1BD25501F0F3E10007F5F4B /* PBXContainerItemProxy */;
		};
/* End PBXTargetDependency section */

/* Begin PBXVariantGroup section */
		F1BD25371F0F3E10007F5F4B /* Main.storyboard */ = {
			isa = PBXVariantGroup;
			children = (
				F1BD25381F0F3E10007F5F4B /* Base */,
			);
			name = Main.storyboard;
			sourceTree = "<group>";
		};
		F1BD253C1F0F3E10007F5F4B /* LaunchScreen.storyboard */ = {
			isa = PBXVariantGroup;
			children = (
				F1BD253D1F0F3E10007F5F4B /* Base */,
			);
			name = LaunchScreen.storyboard;
			sourceTree = "<group>";
		};
/* End PBXVariantGroup section */

/* Begin XCBuildConfiguration section */
		F1BD25561F0F3E10007F5F4B /* Debug */ = {
			isa = XCBuildConfiguration;
			buildSettings = {
				ALWAYS_SEARCH_USER_PATHS = NO;
				CLANG_ANALYZER_NONNULL = YES;
				CLANG_ANALYZER_NUMBER_OBJECT_CONVERSION = YES_AGGRESSIVE;
				CLANG_CXX_LANGUAGE_STANDARD = "gnu++0x";
				CLANG_CXX_LIBRARY = "libc++";
				CLANG_ENABLE_MODULES = YES;
				CLANG_ENABLE_OBJC_ARC = YES;
				CLANG_WARN_BOOL_CONVERSION = YES;
				CLANG_WARN_CONSTANT_CONVERSION = YES;
				CLANG_WARN_DIRECT_OBJC_ISA_USAGE = YES_ERROR;
				CLANG_WARN_DOCUMENTATION_COMMENTS = YES;
				CLANG_WARN_EMPTY_BODY = YES;
				CLANG_WARN_ENUM_CONVERSION = YES;
				CLANG_WARN_INFINITE_RECURSION = YES;
				CLANG_WARN_INT_CONVERSION = YES;
				CLANG_WARN_OBJC_ROOT_CLASS = YES_ERROR;
				CLANG_WARN_SUSPICIOUS_MOVE = YES;
				CLANG_WARN_UNREACHABLE_CODE = YES;
				CLANG_WARN__DUPLICATE_METHOD_MATCH = YES;
				"CODE_SIGN_IDENTITY[sdk=iphoneos*]" = "iPhone Developer";
				COPY_PHASE_STRIP = NO;
				DEBUG_INFORMATION_FORMAT = dwarf;
				ENABLE_STRICT_OBJC_MSGSEND = YES;
				ENABLE_TESTABILITY = YES;
				GCC_C_LANGUAGE_STANDARD = gnu99;
				GCC_DYNAMIC_NO_PIC = NO;
				GCC_NO_COMMON_BLOCKS = YES;
				GCC_OPTIMIZATION_LEVEL = 0;
				GCC_PREPROCESSOR_DEFINITIONS = (
					"DEBUG=1",
					"$(inherited)",
				);
				GCC_WARN_64_TO_32_BIT_CONVERSION = YES;
				GCC_WARN_ABOUT_RETURN_TYPE = YES_ERROR;
				GCC_WARN_UNDECLARED_SELECTOR = YES;
				GCC_WARN_UNINITIALIZED_AUTOS = YES_AGGRESSIVE;
				GCC_WARN_UNUSED_FUNCTION = YES;
				GCC_WARN_UNUSED_VARIABLE = YES;
				IPHONEOS_DEPLOYMENT_TARGET = 10.3;
				MTL_ENABLE_DEBUG_INFO = YES;
				ONLY_ACTIVE_ARCH = YES;
				SDKROOT = iphoneos;
				SWIFT_ACTIVE_COMPILATION_CONDITIONS = DEBUG;
				SWIFT_OPTIMIZATION_LEVEL = "-Onone";
				TARGETED_DEVICE_FAMILY = "1,2";
			};
			name = Debug;
		};
		F1BD25571F0F3E10007F5F4B /* Release */ = {
			isa = XCBuildConfiguration;
			buildSettings = {
				ALWAYS_SEARCH_USER_PATHS = NO;
				CLANG_ANALYZER_NONNULL = YES;
				CLANG_ANALYZER_NUMBER_OBJECT_CONVERSION = YES_AGGRESSIVE;
				CLANG_CXX_LANGUAGE_STANDARD = "gnu++0x";
				CLANG_CXX_LIBRARY = "libc++";
				CLANG_ENABLE_MODULES = YES;
				CLANG_ENABLE_OBJC_ARC = YES;
				CLANG_WARN_BOOL_CONVERSION = YES;
				CLANG_WARN_CONSTANT_CONVERSION = YES;
				CLANG_WARN_DIRECT_OBJC_ISA_USAGE = YES_ERROR;
				CLANG_WARN_DOCUMENTATION_COMMENTS = YES;
				CLANG_WARN_EMPTY_BODY = YES;
				CLANG_WARN_ENUM_CONVERSION = YES;
				CLANG_WARN_INFINITE_RECURSION = YES;
				CLANG_WARN_INT_CONVERSION = YES;
				CLANG_WARN_OBJC_ROOT_CLASS = YES_ERROR;
				CLANG_WARN_SUSPICIOUS_MOVE = YES;
				CLANG_WARN_UNREACHABLE_CODE = YES;
				CLANG_WARN__DUPLICATE_METHOD_MATCH = YES;
				"CODE_SIGN_IDENTITY[sdk=iphoneos*]" = "iPhone Developer";
				COPY_PHASE_STRIP = NO;
				DEBUG_INFORMATION_FORMAT = "dwarf-with-dsym";
				ENABLE_NS_ASSERTIONS = NO;
				ENABLE_STRICT_OBJC_MSGSEND = YES;
				GCC_C_LANGUAGE_STANDARD = gnu99;
				GCC_NO_COMMON_BLOCKS = YES;
				GCC_WARN_64_TO_32_BIT_CONVERSION = YES;
				GCC_WARN_ABOUT_RETURN_TYPE = YES_ERROR;
				GCC_WARN_UNDECLARED_SELECTOR = YES;
				GCC_WARN_UNINITIALIZED_AUTOS = YES_AGGRESSIVE;
				GCC_WARN_UNUSED_FUNCTION = YES;
				GCC_WARN_UNUSED_VARIABLE = YES;
				IPHONEOS_DEPLOYMENT_TARGET = 10.3;
				MTL_ENABLE_DEBUG_INFO = NO;
				SDKROOT = iphoneos;
				SWIFT_OPTIMIZATION_LEVEL = "-Owholemodule";
				TARGETED_DEVICE_FAMILY = "1,2";
				VALIDATE_PRODUCT = YES;
			};
			name = Release;
		};
		F1BD25591F0F3E10007F5F4B /* Debug */ = {
			isa = XCBuildConfiguration;
			buildSettings = {
				ASSETCATALOG_COMPILER_APPICON_NAME = AppIcon;
				INFOPLIST_FILE = "Swift-Advanced-Demo/Info.plist";
				LD_RUNPATH_SEARCH_PATHS = "$(inherited) @executable_path/Frameworks";
				PRODUCT_BUNDLE_IDENTIFIER = "horex.github.io.Swift-Advanced-Demo";
				PRODUCT_NAME = "$(TARGET_NAME)";
				SWIFT_VERSION = 3.0;
			};
			name = Debug;
		};
		F1BD255A1F0F3E10007F5F4B /* Release */ = {
			isa = XCBuildConfiguration;
			buildSettings = {
				ASSETCATALOG_COMPILER_APPICON_NAME = AppIcon;
				INFOPLIST_FILE = "Swift-Advanced-Demo/Info.plist";
				LD_RUNPATH_SEARCH_PATHS = "$(inherited) @executable_path/Frameworks";
				PRODUCT_BUNDLE_IDENTIFIER = "horex.github.io.Swift-Advanced-Demo";
				PRODUCT_NAME = "$(TARGET_NAME)";
				SWIFT_VERSION = 3.0;
			};
			name = Release;
		};
		F1BD255C1F0F3E10007F5F4B /* Debug */ = {
			isa = XCBuildConfiguration;
			buildSettings = {
				ALWAYS_EMBED_SWIFT_STANDARD_LIBRARIES = YES;
				BUNDLE_LOADER = "$(TEST_HOST)";
				INFOPLIST_FILE = "Swift-Advanced-DemoTests/Info.plist";
				LD_RUNPATH_SEARCH_PATHS = "$(inherited) @executable_path/Frameworks @loader_path/Frameworks";
				PRODUCT_BUNDLE_IDENTIFIER = "horex.github.io.Swift-Advanced-DemoTests";
				PRODUCT_NAME = "$(TARGET_NAME)";
				SWIFT_VERSION = 3.0;
				TEST_HOST = "$(BUILT_PRODUCTS_DIR)/Swift-Advanced-Demo.app/Swift-Advanced-Demo";
			};
			name = Debug;
		};
		F1BD255D1F0F3E10007F5F4B /* Release */ = {
			isa = XCBuildConfiguration;
			buildSettings = {
				ALWAYS_EMBED_SWIFT_STANDARD_LIBRARIES = YES;
				BUNDLE_LOADER = "$(TEST_HOST)";
				INFOPLIST_FILE = "Swift-Advanced-DemoTests/Info.plist";
				LD_RUNPATH_SEARCH_PATHS = "$(inherited) @executable_path/Frameworks @loader_path/Frameworks";
				PRODUCT_BUNDLE_IDENTIFIER = "horex.github.io.Swift-Advanced-DemoTests";
				PRODUCT_NAME = "$(TARGET_NAME)";
				SWIFT_VERSION = 3.0;
				TEST_HOST = "$(BUILT_PRODUCTS_DIR)/Swift-Advanced-Demo.app/Swift-Advanced-Demo";
			};
			name = Release;
		};
		F1BD255F1F0F3E10007F5F4B /* Debug */ = {
			isa = XCBuildConfiguration;
			buildSettings = {
				ALWAYS_EMBED_SWIFT_STANDARD_LIBRARIES = YES;
				INFOPLIST_FILE = "Swift-Advanced-DemoUITests/Info.plist";
				LD_RUNPATH_SEARCH_PATHS = "$(inherited) @executable_path/Frameworks @loader_path/Frameworks";
				PRODUCT_BUNDLE_IDENTIFIER = "horex.github.io.Swift-Advanced-DemoUITests";
				PRODUCT_NAME = "$(TARGET_NAME)";
				SWIFT_VERSION = 3.0;
				TEST_TARGET_NAME = "Swift-Advanced-Demo";
			};
			name = Debug;
		};
		F1BD25601F0F3E10007F5F4B /* Release */ = {
			isa = XCBuildConfiguration;
			buildSettings = {
				ALWAYS_EMBED_SWIFT_STANDARD_LIBRARIES = YES;
				INFOPLIST_FILE = "Swift-Advanced-DemoUITests/Info.plist";
				LD_RUNPATH_SEARCH_PATHS = "$(inherited) @executable_path/Frameworks @loader_path/Frameworks";
				PRODUCT_BUNDLE_IDENTIFIER = "horex.github.io.Swift-Advanced-DemoUITests";
				PRODUCT_NAME = "$(TARGET_NAME)";
				SWIFT_VERSION = 3.0;
				TEST_TARGET_NAME = "Swift-Advanced-Demo";
			};
			name = Release;
		};
/* End XCBuildConfiguration section */

/* Begin XCConfigurationList section */
		F1BD252B1F0F3E10007F5F4B /* Build configuration list for PBXProject "Swift-Advanced-Demo" */ = {
			isa = XCConfigurationList;
			buildConfigurations = (
				F1BD25561F0F3E10007F5F4B /* Debug */,
				F1BD25571F0F3E10007F5F4B /* Release */,
			);
			defaultConfigurationIsVisible = 0;
			defaultConfigurationName = Release;
		};
		F1BD25581F0F3E10007F5F4B /* Build configuration list for PBXNativeTarget "Swift-Advanced-Demo" */ = {
			isa = XCConfigurationList;
			buildConfigurations = (
				F1BD25591F0F3E10007F5F4B /* Debug */,
				F1BD255A1F0F3E10007F5F4B /* Release */,
			);
			defaultConfigurationIsVisible = 0;
			defaultConfigurationName = Release;
		};
		F1BD255B1F0F3E10007F5F4B /* Build configuration list for PBXNativeTarget "Swift-Advanced-DemoTests" */ = {
			isa = XCConfigurationList;
			buildConfigurations = (
				F1BD255C1F0F3E10007F5F4B /* Debug */,
				F1BD255D1F0F3E10007F5F4B /* Release */,
			);
			defaultConfigurationIsVisible = 0;
			defaultConfigurationName = Release;
		};
		F1BD255E1F0F3E10007F5F4B /* Build configuration list for PBXNativeTarget "Swift-Advanced-DemoUITests" */ = {
			isa = XCConfigurationList;
			buildConfigurations = (
				F1BD255F1F0F3E10007F5F4B /* Debug */,
				F1BD25601F0F3E10007F5F4B /* Release */,
			);
			defaultConfigurationIsVisible = 0;
			defaultConfigurationName = Release;
		};
/* End XCConfigurationList section */
	};
	rootObject = F1BD25281F0F3E10007F5F4B /* Project object */;
}
